Microsoft Visual Studio Solution File, Format Version 11.00
# Visual Studio 2008

Project("{33819A5A-0329-420E-FA0F-9F72116A88BD}") = "contrails", "Assembly-CSharp-firstpass.csproj", "{DDF2AB27-B685-CF08-99BC-89C04AD40216}"
EndProject
Project("{33819A5A-0329-420E-FA0F-9F72116A88BD}") = "contrails", "Assembly-CSharp.csproj", "{558FB930-C689-BB7D-A814-EB81451093BF}"
EndProject
Project("{33819A5A-0329-420E-FA0F-9F72116A88BD}") = "contrails", "Assembly-CSharp-Editor.csproj", "{495D7423-5719-B729-1A81-224C7D5F5022}"
EndProject
Global
	GlobalSection(SolutionConfigurationPlatforms) = preSolution
		Debug|Any CPU = Debug|Any CPU
		Release|Any CPU = Release|Any CPU
	EndGlobalSection
	GlobalSection(ProjectConfigurationPlatforms) = postSolution
		{DDF2AB27-B685-CF08-99BC-89C04AD40216}.Debug|Any CPU.ActiveCfg = Debug|Any CPU
		{DDF2AB27-B685-CF08-99BC-89C04AD40216}.Debug|Any CPU.Build.0 = Debug|Any CPU
		{DDF2AB27-B685-CF08-99BC-89C04AD40216}.Release|Any CPU.ActiveCfg = Release|Any CPU
		{DDF2AB27-B685-CF08-99BC-89C04AD40216}.Release|Any CPU.Build.0 = Release|Any CPU
		{558FB930-C689-BB7D-A814-EB81451093BF}.Debug|Any CPU.ActiveCfg = Debug|Any CPU
		{558FB930-C689-BB7D-A814-EB81451093BF}.Debug|Any CPU.Build.0 = Debug|Any CPU
		{558FB930-C689-BB7D-A814-EB81451093BF}.Release|Any CPU.ActiveCfg = Release|Any CPU
		{558FB930-C689-BB7D-A814-EB81451093BF}.Release|Any CPU.Build.0 = Release|Any CPU
		{495D7423-5719-B729-1A81-224C7D5F5022}.Debug|Any CPU.ActiveCfg = Debug|Any CPU
		{495D7423-5719-B729-1A81-224C7D5F5022}.Debug|Any CPU.Build.0 = Debug|Any CPU
		{495D7423-5719-B729-1A81-224C7D5F5022}.Release|Any CPU.ActiveCfg = Release|Any CPU
		{495D7423-5719-B729-1A81-224C7D5F5022}.Release|Any CPU.Build.0 = Release|Any CPU
	EndGlobalSection
	GlobalSection(SolutionProperties) = preSolution
		HideSolutionNode = FALSE
	EndGlobalSection
	GlobalSection(MonoDevelopProperties) = preSolution
		StartupItem = Assembly-CSharp.csproj
	EndGlobalSection
EndGlobal
